// !$*UTF8*$!
{
	archiveVersion = 1;
	classes = {
	};
	objectVersion = 46;
	objects = {

/* Begin PBXBuildFile section */
		A0A672DB192C0D1400C25C6D /* _DDDecimalFunctions.m in Sources */ = {isa = PBXBuildFile; fileRef = A0A672AA192C0D1400C25C6D /* _DDDecimalFunctions.m */; };
		A0A672DC192C0D1400C25C6D /* _DDFunctionEvaluator.m in Sources */ = {isa = PBXBuildFile; fileRef = A0A672AC192C0D1400C25C6D /* _DDFunctionEvaluator.m */; };
		A0A672DD192C0D1400C25C6D /* _DDFunctionExpression.m in Sources */ = {isa = PBXBuildFile; fileRef = A0A672AE192C0D1400C25C6D /* _DDFunctionExpression.m */; };
		A0A672DE192C0D1400C25C6D /* _DDFunctionTerm.m in Sources */ = {isa = PBXBuildFile; fileRef = A0A672B0192C0D1400C25C6D /* _DDFunctionTerm.m */; };
		A0A672DF192C0D1400C25C6D /* _DDGroupTerm.m in Sources */ = {isa = PBXBuildFile; fileRef = A0A672B2192C0D1400C25C6D /* _DDGroupTerm.m */; };
		A0A672E0192C0D1400C25C6D /* _DDNumberExpression.m in Sources */ = {isa = PBXBuildFile; fileRef = A0A672B4192C0D1400C25C6D /* _DDNumberExpression.m */; };
		A0A672E1192C0D1400C25C6D /* _DDNumberTerm.m in Sources */ = {isa = PBXBuildFile; fileRef = A0A672B6192C0D1400C25C6D /* _DDNumberTerm.m */; };
		A0A672E2192C0D1400C25C6D /* _DDOperatorTerm.m in Sources */ = {isa = PBXBuildFile; fileRef = A0A672B8192C0D1400C25C6D /* _DDOperatorTerm.m */; };
		A0A672E3192C0D1400C25C6D /* _DDParserTerm.m in Sources */ = {isa = PBXBuildFile; fileRef = A0A672BA192C0D1400C25C6D /* _DDParserTerm.m */; };
		A0A672E4192C0D1400C25C6D /* _DDPrecisionFunctionEvaluator.m in Sources */ = {isa = PBXBuildFile; fileRef = A0A672BC192C0D1400C25C6D /* _DDPrecisionFunctionEvaluator.m */; };
		A0A672E5192C0D1400C25C6D /* _DDRewriteRule.m in Sources */ = {isa = PBXBuildFile; fileRef = A0A672BE192C0D1400C25C6D /* _DDRewriteRule.m */; };
		A0A672E6192C0D1400C25C6D /* _DDVariableExpression.m in Sources */ = {isa = PBXBuildFile; fileRef = A0A672C0192C0D1400C25C6D /* _DDVariableExpression.m */; };
		A0A672E7192C0D1400C25C6D /* _DDVariableTerm.m in Sources */ = {isa = PBXBuildFile; fileRef = A0A672C2192C0D1400C25C6D /* _DDVariableTerm.m */; };
		A0A672E8192C0D1400C25C6D /* DDExpression.m in Sources */ = {isa = PBXBuildFile; fileRef = A0A672C4192C0D1400C25C6D /* DDExpression.m */; };
		A0A672E9192C0D1400C25C6D /* DDExpressionRewriter.m in Sources */ = {isa = PBXBuildFile; fileRef = A0A672C6192C0D1400C25C6D /* DDExpressionRewriter.m */; };
		A0A672EA192C0D1400C25C6D /* DDMathEvaluator.m in Sources */ = {isa = PBXBuildFile; fileRef = A0A672C9192C0D1400C25C6D /* DDMathEvaluator.m */; };
		A0A672EB192C0D1400C25C6D /* DDMathOperator.m in Sources */ = {isa = PBXBuildFile; fileRef = A0A672CB192C0D1400C25C6D /* DDMathOperator.m */; };
		A0A672EC192C0D1400C25C6D /* DDMathStringToken.m in Sources */ = {isa = PBXBuildFile; fileRef = A0A672D0192C0D1400C25C6D /* DDMathStringToken.m */; };
		A0A672ED192C0D1400C25C6D /* DDMathStringTokenizer.m in Sources */ = {isa = PBXBuildFile; fileRef = A0A672D2192C0D1400C25C6D /* DDMathStringTokenizer.m */; };
		A0A672EE192C0D1400C25C6D /* DDParser.m in Sources */ = {isa = PBXBuildFile; fileRef = A0A672D4192C0D1400C25C6D /* DDParser.m */; };
		A0A672EF192C0D1400C25C6D /* DDParserTypes.m in Sources */ = {isa = PBXBuildFile; fileRef = A0A672D6192C0D1400C25C6D /* DDParserTypes.m */; };
		A0A672F0192C0D1400C25C6D /* DDTypes.m in Sources */ = {isa = PBXBuildFile; fileRef = A0A672D8192C0D1400C25C6D /* DDTypes.m */; };
		A0A672F1192C0D1400C25C6D /* NSString+DDMathParsing.m in Sources */ = {isa = PBXBuildFile; fileRef = A0A672DA192C0D1400C25C6D /* NSString+DDMathParsing.m */; };
		A0F78A591921AC30006E2D6C /* Foundation.framework in Frameworks */ = {isa = PBXBuildFile; fileRef = A0F78A581921AC30006E2D6C /* Foundation.framework */; };
		A0F78A5B1921AC30006E2D6C /* CoreGraphics.framework in Frameworks */ = {isa = PBXBuildFile; fileRef = A0F78A5A1921AC30006E2D6C /* CoreGraphics.framework */; };
		A0F78A5D1921AC30006E2D6C /* UIKit.framework in Frameworks */ = {isa = PBXBuildFile; fileRef = A0F78A5C1921AC30006E2D6C /* UIKit.framework */; };
		A0F78A631921AC30006E2D6C /* InfoPlist.strings in Resources */ = {isa = PBXBuildFile; fileRef = A0F78A611921AC30006E2D6C /* InfoPlist.strings */; };
		A0F78A651921AC30006E2D6C /* main.m in Sources */ = {isa = PBXBuildFile; fileRef = A0F78A641921AC30006E2D6C /* main.m */; };
		A0F78A691921AC30006E2D6C /* AppDelegate.m in Sources */ = {isa = PBXBuildFile; fileRef = A0F78A681921AC30006E2D6C /* AppDelegate.m */; };
		A0F78A6C1921AC30006E2D6C /* Main.storyboard in Resources */ = {isa = PBXBuildFile; fileRef = A0F78A6A1921AC30006E2D6C /* Main.storyboard */; };
		A0F78A6F1921AC30006E2D6C /* ViewController.m in Sources */ = {isa = PBXBuildFile; fileRef = A0F78A6E1921AC30006E2D6C /* ViewController.m */; };
		A0F78A711921AC30006E2D6C /* Images.xcassets in Resources */ = {isa = PBXBuildFile; fileRef = A0F78A701921AC30006E2D6C /* Images.xcassets */; };
		A0F78A781921AC30006E2D6C /* XCTest.framework in Frameworks */ = {isa = PBXBuildFile; fileRef = A0F78A771921AC30006E2D6C /* XCTest.framework */; };
		A0F78A791921AC30006E2D6C /* Foundation.framework in Frameworks */ = {isa = PBXBuildFile; fileRef = A0F78A581921AC30006E2D6C /* Foundation.framework */; };
		A0F78A7A1921AC30006E2D6C /* UIKit.framework in Frameworks */ = {isa = PBXBuildFile; fileRef = A0F78A5C1921AC30006E2D6C /* UIKit.framework */; };
		A0F78A821921AC30006E2D6C /* InfoPlist.strings in Resources */ = {isa = PBXBuildFile; fileRef = A0F78A801921AC30006E2D6C /* InfoPlist.strings */; };
		A0F78A841921AC30006E2D6C /* calculadoraTests.m in Sources */ = {isa = PBXBuildFile; fileRef = A0F78A831921AC30006E2D6C /* calculadoraTests.m */; };
/* End PBXBuildFile section */

/* Begin PBXContainerItemProxy section */
		A0F78A7B1921AC30006E2D6C /* PBXContainerItemProxy */ = {
			isa = PBXContainerItemProxy;
			containerPortal = A0F78A4D1921AC30006E2D6C /* Project object */;
			proxyType = 1;
			remoteGlobalIDString = A0F78A541921AC30006E2D6C;
			remoteInfo = calculadora;
		};
/* End PBXContainerItemProxy section */

/* Begin PBXFileReference section */
		A0A672A9192C0D1400C25C6D /* _DDDecimalFunctions.h */ = {isa = PBXFileReference; fileEncoding = 4; lastKnownFileType = sourcecode.c.h; path = _DDDecimalFunctions.h; sourceTree = "<group>"; };
		A0A672AA192C0D1400C25C6D /* _DDDecimalFunctions.m */ = {isa = PBXFileReference; fileEncoding = 4; lastKnownFileType = sourcecode.c.objc; path = _DDDecimalFunctions.m; sourceTree = "<group>"; };
		A0A672AB192C0D1400C25C6D /* _DDFunctionEvaluator.h */ = {isa = PBXFileReference; fileEncoding = 4; lastKnownFileType = sourcecode.c.h; path = _DDFunctionEvaluator.h; sourceTree = "<group>"; };
		A0A672AC192C0D1400C25C6D /* _DDFunctionEvaluator.m */ = {isa = PBXFileReference; fileEncoding = 4; lastKnownFileType = sourcecode.c.objc; path = _DDFunctionEvaluator.m; sourceTree = "<group>"; };
		A0A672AD192C0D1400C25C6D /* _DDFunctionExpression.h */ = {isa = PBXFileReference; fileEncoding = 4; lastKnownFileType = sourcecode.c.h; path = _DDFunctionExpression.h; sourceTree = "<group>"; };
		A0A672AE192C0D1400C25C6D /* _DDFunctionExpression.m */ = {isa = PBXFileReference; fileEncoding = 4; lastKnownFileType = sourcecode.c.objc; path = _DDFunctionExpression.m; sourceTree = "<group>"; };
		A0A672AF192C0D1400C25C6D /* _DDFunctionTerm.h */ = {isa = PBXFileReference; fileEncoding = 4; lastKnownFileType = sourcecode.c.h; path = _DDFunctionTerm.h; sourceTree = "<group>"; };
		A0A672B0192C0D1400C25C6D /* _DDFunctionTerm.m */ = {isa = PBXFileReference; fileEncoding = 4; lastKnownFileType = sourcecode.c.objc; path = _DDFunctionTerm.m; sourceTree = "<group>"; };
		A0A672B1192C0D1400C25C6D /* _DDGroupTerm.h */ = {isa = PBXFileReference; fileEncoding = 4; lastKnownFileType = sourcecode.c.h; path = _DDGroupTerm.h; sourceTree = "<group>"; };
		A0A672B2192C0D1400C25C6D /* _DDGroupTerm.m */ = {isa = PBXFileReference; fileEncoding = 4; lastKnownFileType = sourcecode.c.objc; path = _DDGroupTerm.m; sourceTree = "<group>"; };
		A0A672B3192C0D1400C25C6D /* _DDNumberExpression.h */ = {isa = PBXFileReference; fileEncoding = 4; lastKnownFileType = sourcecode.c.h; path = _DDNumberExpression.h; sourceTree = "<group>"; };
		A0A672B4192C0D1400C25C6D /* _DDNumberExpression.m */ = {isa = PBXFileReference; fileEncoding = 4; lastKnownFileType = sourcecode.c.objc; path = _DDNumberExpression.m; sourceTree = "<group>"; };
		A0A672B5192C0D1400C25C6D /* _DDNumberTerm.h */ = {isa = PBXFileReference; fileEncoding = 4; lastKnownFileType = sourcecode.c.h; path = _DDNumberTerm.h; sourceTree = "<group>"; };
		A0A672B6192C0D1400C25C6D /* _DDNumberTerm.m */ = {isa = PBXFileReference; fileEncoding = 4; lastKnownFileType = sourcecode.c.objc; path = _DDNumberTerm.m; sourceTree = "<group>"; };
		A0A672B7192C0D1400C25C6D /* _DDOperatorTerm.h */ = {isa = PBXFileReference; fileEncoding = 4; lastKnownFileType = sourcecode.c.h; path = _DDOperatorTerm.h; sourceTree = "<group>"; };
		A0A672B8192C0D1400C25C6D /* _DDOperatorTerm.m */ = {isa = PBXFileReference; fileEncoding = 4; lastKnownFileType = sourcecode.c.objc; path = _DDOperatorTerm.m; sourceTree = "<group>"; };
		A0A672B9192C0D1400C25C6D /* _DDParserTerm.h */ = {isa = PBXFileReference; fileEncoding = 4; lastKnownFileType = sourcecode.c.h; path = _DDParserTerm.h; sourceTree = "<group>"; };
		A0A672BA192C0D1400C25C6D /* _DDParserTerm.m */ = {isa = PBXFileReference; fileEncoding = 4; lastKnownFileType = sourcecode.c.objc; path = _DDParserTerm.m; sourceTree = "<group>"; };
		A0A672BB192C0D1400C25C6D /* _DDPrecisionFunctionEvaluator.h */ = {isa = PBXFileReference; fileEncoding = 4; lastKnownFileType = sourcecode.c.h; path = _DDPrecisionFunctionEvaluator.h; sourceTree = "<group>"; };
		A0A672BC192C0D1400C25C6D /* _DDPrecisionFunctionEvaluator.m */ = {isa = PBXFileReference; fileEncoding = 4; lastKnownFileType = sourcecode.c.objc; path = _DDPrecisionFunctionEvaluator.m; sourceTree = "<group>"; };
		A0A672BD192C0D1400C25C6D /* _DDRewriteRule.h */ = {isa = PBXFileReference; fileEncoding = 4; lastKnownFileType = sourcecode.c.h; path = _DDRewriteRule.h; sourceTree = "<group>"; };
		A0A672BE192C0D1400C25C6D /* _DDRewriteRule.m */ = {isa = PBXFileReference; fileEncoding = 4; lastKnownFileType = sourcecode.c.objc; path = _DDRewriteRule.m; sourceTree = "<group>"; };
		A0A672BF192C0D1400C25C6D /* _DDVariableExpression.h */ = {isa = PBXFileReference; fileEncoding = 4; lastKnownFileType = sourcecode.c.h; path = _DDVariableExpression.h; sourceTree = "<group>"; };
		A0A672C0192C0D1400C25C6D /* _DDVariableExpression.m */ = {isa = PBXFileReference; fileEncoding = 4; lastKnownFileType = sourcecode.c.objc; path = _DDVariableExpression.m; sourceTree = "<group>"; };
		A0A672C1192C0D1400C25C6D /* _DDVariableTerm.h */ = {isa = PBXFileReference; fileEncoding = 4; lastKnownFileType = sourcecode.c.h; path = _DDVariableTerm.h; sourceTree = "<group>"; };
		A0A672C2192C0D1400C25C6D /* _DDVariableTerm.m */ = {isa = PBXFileReference; fileEncoding = 4; lastKnownFileType = sourcecode.c.objc; path = _DDVariableTerm.m; sourceTree = "<group>"; };
		A0A672C3192C0D1400C25C6D /* DDExpression.h */ = {isa = PBXFileReference; fileEncoding = 4; lastKnownFileType = sourcecode.c.h; path = DDExpression.h; sourceTree = "<group>"; };
		A0A672C4192C0D1400C25C6D /* DDExpression.m */ = {isa = PBXFileReference; fileEncoding = 4; lastKnownFileType = sourcecode.c.objc; path = DDExpression.m; sourceTree = "<group>"; };
		A0A672C5192C0D1400C25C6D /* DDExpressionRewriter.h */ = {isa = PBXFileReference; fileEncoding = 4; lastKnownFileType = sourcecode.c.h; path = DDExpressionRewriter.h; sourceTree = "<group>"; };
		A0A672C6192C0D1400C25C6D /* DDExpressionRewriter.m */ = {isa = PBXFileReference; fileEncoding = 4; lastKnownFileType = sourcecode.c.objc; path = DDExpressionRewriter.m; sourceTree = "<group>"; };
		A0A672C7192C0D1400C25C6D /* DDMathEvaluator+Private.h */ = {isa = PBXFileReference; fileEncoding = 4; lastKnownFileType = sourcecode.c.h; path = "DDMathEvaluator+Private.h"; sourceTree = "<group>"; };
		A0A672C8192C0D1400C25C6D /* DDMathEvaluator.h */ = {isa = PBXFileReference; fileEncoding = 4; lastKnownFileType = sourcecode.c.h; path = DDMathEvaluator.h; sourceTree = "<group>"; };
		A0A672C9192C0D1400C25C6D /* DDMathEvaluator.m */ = {isa = PBXFileReference; fileEncoding = 4; lastKnownFileType = sourcecode.c.objc; path = DDMathEvaluator.m; sourceTree = "<group>"; };
		A0A672CA192C0D1400C25C6D /* DDMathOperator.h */ = {isa = PBXFileReference; fileEncoding = 4; lastKnownFileType = sourcecode.c.h; path = DDMathOperator.h; sourceTree = "<group>"; };
		A0A672CB192C0D1400C25C6D /* DDMathOperator.m */ = {isa = PBXFileReference; fileEncoding = 4; lastKnownFileType = sourcecode.c.objc; path = DDMathOperator.m; sourceTree = "<group>"; };
		A0A672CC192C0D1400C25C6D /* DDMathOperator_Internal.h */ = {isa = PBXFileReference; fileEncoding = 4; lastKnownFileType = sourcecode.c.h; path = DDMathOperator_Internal.h; sourceTree = "<group>"; };
		A0A672CD192C0D1400C25C6D /* DDMathParser.h */ = {isa = PBXFileReference; fileEncoding = 4; lastKnownFileType = sourcecode.c.h; path = DDMathParser.h; sourceTree = "<group>"; };
		A0A672CE192C0D1400C25C6D /* DDMathParserMacros.h */ = {isa = PBXFileReference; fileEncoding = 4; lastKnownFileType = sourcecode.c.h; path = DDMathParserMacros.h; sourceTree = "<group>"; };
		A0A672CF192C0D1400C25C6D /* DDMathStringToken.h */ = {isa = PBXFileReference; fileEncoding = 4; lastKnownFileType = sourcecode.c.h; path = DDMathStringToken.h; sourceTree = "<group>"; };
		A0A672D0192C0D1400C25C6D /* DDMathStringToken.m */ = {isa = PBXFileReference; fileEncoding = 4; lastKnownFileType = sourcecode.c.objc; path = DDMathStringToken.m; sourceTree = "<group>"; };
		A0A672D1192C0D1400C25C6D /* DDMathStringTokenizer.h */ = {isa = PBXFileReference; fileEncoding = 4; lastKnownFileType = sourcecode.c.h; path = DDMathStringTokenizer.h; sourceTree = "<group>"; };
		A0A672D2192C0D1400C25C6D /* DDMathStringTokenizer.m */ = {isa = PBXFileReference; fileEncoding = 4; lastKnownFileType = sourcecode.c.objc; path = DDMathStringTokenizer.m; sourceTree = "<group>"; };
		A0A672D3192C0D1400C25C6D /* DDParser.h */ = {isa = PBXFileReference; fileEncoding = 4; lastKnownFileType = sourcecode.c.h; path = DDParser.h; sourceTree = "<group>"; };
		A0A672D4192C0D1400C25C6D /* DDParser.m */ = {isa = PBXFileReference; fileEncoding = 4; lastKnownFileType = sourcecode.c.objc; path = DDParser.m; sourceTree = "<group>"; };
		A0A672D5192C0D1400C25C6D /* DDParserTypes.h */ = {isa = PBXFileReference; fileEncoding = 4; lastKnownFileType = sourcecode.c.h; path = DDParserTypes.h; sourceTree = "<group>"; };
		A0A672D6192C0D1400C25C6D /* DDParserTypes.m */ = {isa = PBXFileReference; fileEncoding = 4; lastKnownFileType = sourcecode.c.objc; path = DDParserTypes.m; sourceTree = "<group>"; };
		A0A672D7192C0D1400C25C6D /* DDTypes.h */ = {isa = PBXFileReference; fileEncoding = 4; lastKnownFileType = sourcecode.c.h; path = DDTypes.h; sourceTree = "<group>"; };
		A0A672D8192C0D1400C25C6D /* DDTypes.m */ = {isa = PBXFileReference; fileEncoding = 4; lastKnownFileType = sourcecode.c.objc; path = DDTypes.m; sourceTree = "<group>"; };
		A0A672D9192C0D1400C25C6D /* NSString+DDMathParsing.h */ = {isa = PBXFileReference; fileEncoding = 4; lastKnownFileType = sourcecode.c.h; path = "NSString+DDMathParsing.h"; sourceTree = "<group>"; };
		A0A672DA192C0D1400C25C6D /* NSString+DDMathParsing.m */ = {isa = PBXFileReference; fileEncoding = 4; lastKnownFileType = sourcecode.c.objc; path = "NSString+DDMathParsing.m"; sourceTree = "<group>"; };
		A0F78A551921AC30006E2D6C /* calculadora.app */ = {isa = PBXFileReference; explicitFileType = wrapper.application; includeInIndex = 0; path = calculadora.app; sourceTree = BUILT_PRODUCTS_DIR; };
		A0F78A581921AC30006E2D6C /* Foundation.framework */ = {isa = PBXFileReference; lastKnownFileType = wrapper.framework; name = Foundation.framework; path = System/Library/Frameworks/Foundation.framework; sourceTree = SDKROOT; };
		A0F78A5A1921AC30006E2D6C /* CoreGraphics.framework */ = {isa = PBXFileReference; lastKnownFileType = wrapper.framework; name = CoreGraphics.framework; path = System/Library/Frameworks/CoreGraphics.framework; sourceTree = SDKROOT; };
		A0F78A5C1921AC30006E2D6C /* UIKit.framework */ = {isa = PBXFileReference; lastKnownFileType = wrapper.framework; name = UIKit.framework; path = System/Library/Frameworks/UIKit.framework; sourceTree = SDKROOT; };
		A0F78A601921AC30006E2D6C /* calculadora-Info.plist */ = {isa = PBXFileReference; lastKnownFileType = text.plist.xml; path = "calculadora-Info.plist"; sourceTree = "<group>"; };
		A0F78A621921AC30006E2D6C /* en */ = {isa = PBXFileReference; lastKnownFileType = text.plist.strings; name = en; path = en.lproj/InfoPlist.strings; sourceTree = "<group>"; };
		A0F78A641921AC30006E2D6C /* main.m */ = {isa = PBXFileReference; lastKnownFileType = sourcecode.c.objc; path = main.m; sourceTree = "<group>"; };
		A0F78A661921AC30006E2D6C /* calculadora-Prefix.pch */ = {isa = PBXFileReference; lastKnownFileType = sourcecode.c.h; path = "calculadora-Prefix.pch"; sourceTree = "<group>"; };
		A0F78A671921AC30006E2D6C /* AppDelegate.h */ = {isa = PBXFileReference; lastKnownFileType = sourcecode.c.h; path = AppDelegate.h; sourceTree = "<group>"; };
		A0F78A681921AC30006E2D6C /* AppDelegate.m */ = {isa = PBXFileReference; lastKnownFileType = sourcecode.c.objc; path = AppDelegate.m; sourceTree = "<group>"; };
		A0F78A6B1921AC30006E2D6C /* Base */ = {isa = PBXFileReference; lastKnownFileType = file.storyboard; name = Base; path = Base.lproj/Main.storyboard; sourceTree = "<group>"; };
		A0F78A6D1921AC30006E2D6C /* ViewController.h */ = {isa = PBXFileReference; lastKnownFileType = sourcecode.c.h; path = ViewController.h; sourceTree = "<group>"; };
		A0F78A6E1921AC30006E2D6C /* ViewController.m */ = {isa = PBXFileReference; lastKnownFileType = sourcecode.c.objc; path = ViewController.m; sourceTree = "<group>"; };
		A0F78A701921AC30006E2D6C /* Images.xcassets */ = {isa = PBXFileReference; lastKnownFileType = folder.assetcatalog; path = Images.xcassets; sourceTree = "<group>"; };
		A0F78A761921AC30006E2D6C /* calculadoraTests.xctest */ = {isa = PBXFileReference; explicitFileType = wrapper.cfbundle; includeInIndex = 0; path = calculadoraTests.xctest; sourceTree = BUILT_PRODUCTS_DIR; };
		A0F78A771921AC30006E2D6C /* XCTest.framework */ = {isa = PBXFileReference; lastKnownFileType = wrapper.framework; name = XCTest.framework; path = Library/Frameworks/XCTest.framework; sourceTree = DEVELOPER_DIR; };
		A0F78A7F1921AC30006E2D6C /* calculadoraTests-Info.plist */ = {isa = PBXFileReference; lastKnownFileType = text.plist.xml; path = "calculadoraTests-Info.plist"; sourceTree = "<group>"; };
		A0F78A811921AC30006E2D6C /* en */ = {isa = PBXFileReference; lastKnownFileType = text.plist.strings; name = en; path = en.lproj/InfoPlist.strings; sourceTree = "<group>"; };
		A0F78A831921AC30006E2D6C /* calculadoraTests.m */ = {isa = PBXFileReference; lastKnownFileType = sourcecode.c.objc; path = calculadoraTests.m; sourceTree = "<group>"; };
/* End PBXFileReference section */

/* Begin PBXFrameworksBuildPhase section */
		A0F78A521921AC30006E2D6C /* Frameworks */ = {
			isa = PBXFrameworksBuildPhase;
			buildActionMask = 2147483647;
			files = (
				A0F78A5B1921AC30006E2D6C /* CoreGraphics.framework in Frameworks */,
				A0F78A5D1921AC30006E2D6C /* UIKit.framework in Frameworks */,
				A0F78A591921AC30006E2D6C /* Foundation.framework in Frameworks */,
			);
			runOnlyForDeploymentPostprocessing = 0;
		};
		A0F78A731921AC30006E2D6C /* Frameworks */ = {
			isa = PBXFrameworksBuildPhase;
			buildActionMask = 2147483647;
			files = (
				A0F78A781921AC30006E2D6C /* XCTest.framework in Frameworks */,
				A0F78A7A1921AC30006E2D6C /* UIKit.framework in Frameworks */,
				A0F78A791921AC30006E2D6C /* Foundation.framework in Frameworks */,
			);
			runOnlyForDeploymentPostprocessing = 0;
		};
/* End PBXFrameworksBuildPhase section */

/* Begin PBXGroup section */
		A0A672A8192C0D1400C25C6D /* DDMathParser */ = {
			isa = PBXGroup;
			children = (
				A0A672A9192C0D1400C25C6D /* _DDDecimalFunctions.h */,
				A0A672AA192C0D1400C25C6D /* _DDDecimalFunctions.m */,
				A0A672AB192C0D1400C25C6D /* _DDFunctionEvaluator.h */,
				A0A672AC192C0D1400C25C6D /* _DDFunctionEvaluator.m */,
				A0A672AD192C0D1400C25C6D /* _DDFunctionExpression.h */,
				A0A672AE192C0D1400C25C6D /* _DDFunctionExpression.m */,
				A0A672AF192C0D1400C25C6D /* _DDFunctionTerm.h */,
				A0A672B0192C0D1400C25C6D /* _DDFunctionTerm.m */,
				A0A672B1192C0D1400C25C6D /* _DDGroupTerm.h */,
				A0A672B2192C0D1400C25C6D /* _DDGroupTerm.m */,
				A0A672B3192C0D1400C25C6D /* _DDNumberExpression.h */,
				A0A672B4192C0D1400C25C6D /* _DDNumberExpression.m */,
				A0A672B5192C0D1400C25C6D /* _DDNumberTerm.h */,
				A0A672B6192C0D1400C25C6D /* _DDNumberTerm.m */,
				A0A672B7192C0D1400C25C6D /* _DDOperatorTerm.h */,
				A0A672B8192C0D1400C25C6D /* _DDOperatorTerm.m */,
				A0A672B9192C0D1400C25C6D /* _DDParserTerm.h */,
				A0A672BA192C0D1400C25C6D /* _DDParserTerm.m */,
				A0A672BB192C0D1400C25C6D /* _DDPrecisionFunctionEvaluator.h */,
				A0A672BC192C0D1400C25C6D /* _DDPrecisionFunctionEvaluator.m */,
				A0A672BD192C0D1400C25C6D /* _DDRewriteRule.h */,
				A0A672BE192C0D1400C25C6D /* _DDRewriteRule.m */,
				A0A672BF192C0D1400C25C6D /* _DDVariableExpression.h */,
				A0A672C0192C0D1400C25C6D /* _DDVariableExpression.m */,
				A0A672C1192C0D1400C25C6D /* _DDVariableTerm.h */,
				A0A672C2192C0D1400C25C6D /* _DDVariableTerm.m */,
				A0A672C3192C0D1400C25C6D /* DDExpression.h */,
				A0A672C4192C0D1400C25C6D /* DDExpression.m */,
				A0A672C5192C0D1400C25C6D /* DDExpressionRewriter.h */,
				A0A672C6192C0D1400C25C6D /* DDExpressionRewriter.m */,
				A0A672C7192C0D1400C25C6D /* DDMathEvaluator+Private.h */,
				A0A672C8192C0D1400C25C6D /* DDMathEvaluator.h */,
				A0A672C9192C0D1400C25C6D /* DDMathEvaluator.m */,
				A0A672CA192C0D1400C25C6D /* DDMathOperator.h */,
				A0A672CB192C0D1400C25C6D /* DDMathOperator.m */,
				A0A672CC192C0D1400C25C6D /* DDMathOperator_Internal.h */,
				A0A672CD192C0D1400C25C6D /* DDMathParser.h */,
				A0A672CE192C0D1400C25C6D /* DDMathParserMacros.h */,
				A0A672CF192C0D1400C25C6D /* DDMathStringToken.h */,
				A0A672D0192C0D1400C25C6D /* DDMathStringToken.m */,
				A0A672D1192C0D1400C25C6D /* DDMathStringTokenizer.h */,
				A0A672D2192C0D1400C25C6D /* DDMathStringTokenizer.m */,
				A0A672D3192C0D1400C25C6D /* DDParser.h */,
				A0A672D4192C0D1400C25C6D /* DDParser.m */,
				A0A672D5192C0D1400C25C6D /* DDParserTypes.h */,
				A0A672D6192C0D1400C25C6D /* DDParserTypes.m */,
				A0A672D7192C0D1400C25C6D /* DDTypes.h */,
				A0A672D8192C0D1400C25C6D /* DDTypes.m */,
				A0A672D9192C0D1400C25C6D /* NSString+DDMathParsing.h */,
				A0A672DA192C0D1400C25C6D /* NSString+DDMathParsing.m */,
			);
			path = DDMathParser;
			sourceTree = SOURCE_ROOT;
		};
		A0F78A4C1921AC30006E2D6C = {
			isa = PBXGroup;
			children = (
				A0F78A5E1921AC30006E2D6C /* calculadora */,
				A0F78A7D1921AC30006E2D6C /* calculadoraTests */,
				A0F78A571921AC30006E2D6C /* Frameworks */,
				A0F78A561921AC30006E2D6C /* Products */,
			);
			sourceTree = "<group>";
		};
		A0F78A561921AC30006E2D6C /* Products */ = {
			isa = PBXGroup;
			children = (
				A0F78A551921AC30006E2D6C /* calculadora.app */,
				A0F78A761921AC30006E2D6C /* calculadoraTests.xctest */,
			);
			name = Products;
			sourceTree = "<group>";
		};
		A0F78A571921AC30006E2D6C /* Frameworks */ = {
			isa = PBXGroup;
			children = (
				A0F78A581921AC30006E2D6C /* Foundation.framework */,
				A0F78A5A1921AC30006E2D6C /* CoreGraphics.framework */,
				A0F78A5C1921AC30006E2D6C /* UIKit.framework */,
				A0F78A771921AC30006E2D6C /* XCTest.framework */,
			);
			name = Frameworks;
			sourceTree = "<group>";
		};
		A0F78A5E1921AC30006E2D6C /* calculadora */ = {
			isa = PBXGroup;
			children = (
				A0A672A8192C0D1400C25C6D /* DDMathParser */,
				A0F78A671921AC30006E2D6C /* AppDelegate.h */,
				A0F78A681921AC30006E2D6C /* AppDelegate.m */,
				A0F78A6A1921AC30006E2D6C /* Main.storyboard */,
				A0F78A6D1921AC30006E2D6C /* ViewController.h */,
				A0F78A6E1921AC30006E2D6C /* ViewController.m */,
				A0F78A701921AC30006E2D6C /* Images.xcassets */,
				A0F78A5F1921AC30006E2D6C /* Supporting Files */,
			);
			path = calculadora;
			sourceTree = "<group>";
		};
		A0F78A5F1921AC30006E2D6C /* Supporting Files */ = {
			isa = PBXGroup;
			children = (
				A0F78A601921AC30006E2D6C /* calculadora-Info.plist */,
				A0F78A611921AC30006E2D6C /* InfoPlist.strings */,
				A0F78A641921AC30006E2D6C /* main.m */,
				A0F78A661921AC30006E2D6C /* calculadora-Prefix.pch */,
			);
			name = "Supporting Files";
			sourceTree = "<group>";
		};
		A0F78A7D1921AC30006E2D6C /* calculadoraTests */ = {
			isa = PBXGroup;
			children = (
				A0F78A831921AC30006E2D6C /* calculadoraTests.m */,
				A0F78A7E1921AC30006E2D6C /* Supporting Files */,
			);
			path = calculadoraTests;
			sourceTree = "<group>";
		};
		A0F78A7E1921AC30006E2D6C /* Supporting Files */ = {
			isa = PBXGroup;
			children = (
				A0F78A7F1921AC30006E2D6C /* calculadoraTests-Info.plist */,
				A0F78A801921AC30006E2D6C /* InfoPlist.strings */,
			);
			name = "Supporting Files";
			sourceTree = "<group>";
		};
/* End PBXGroup section */

/* Begin PBXNativeTarget section */
		A0F78A541921AC30006E2D6C /* calculadora */ = {
			isa = PBXNativeTarget;
			buildConfigurationList = A0F78A871921AC30006E2D6C /* Build configuration list for PBXNativeTarget "calculadora" */;
			buildPhases = (
				A0F78A511921AC30006E2D6C /* Sources */,
				A0F78A521921AC30006E2D6C /* Frameworks */,
				A0F78A531921AC30006E2D6C /* Resources */,
			);
			buildRules = (
			);
			dependencies = (
			);
			name = calculadora;
			productName = calculadora;
			productReference = A0F78A551921AC30006E2D6C /* calculadora.app */;
			productType = "com.apple.product-type.application";
		};
		A0F78A751921AC30006E2D6C /* calculadoraTests */ = {
			isa = PBXNativeTarget;
			buildConfigurationList = A0F78A8A1921AC30006E2D6C /* Build configuration list for PBXNativeTarget "calculadoraTests" */;
			buildPhases = (
				A0F78A721921AC30006E2D6C /* Sources */,
				A0F78A731921AC30006E2D6C /* Frameworks */,
				A0F78A741921AC30006E2D6C /* Resources */,
			);
			buildRules = (
			);
			dependencies = (
				A0F78A7C1921AC30006E2D6C /* PBXTargetDependency */,
			);
			name = calculadoraTests;
			productName = calculadoraTests;
			productReference = A0F78A761921AC30006E2D6C /* calculadoraTests.xctest */;
			productType = "com.apple.product-type.bundle.unit-test";
		};
/* End PBXNativeTarget section */

/* Begin PBXProject section */
		A0F78A4D1921AC30006E2D6C /* Project object */ = {
			isa = PBXProject;
			attributes = {
				LastUpgradeCheck = 0510;
				ORGANIZATIONNAME = __FULLUSERNAME__;
				TargetAttributes = {
					A0F78A751921AC30006E2D6C = {
						TestTargetID = A0F78A541921AC30006E2D6C;
					};
				};
			};
			buildConfigurationList = A0F78A501921AC30006E2D6C /* Build configuration list for PBXProject "calculadora" */;
			compatibilityVersion = "Xcode 3.2";
			developmentRegion = English;
			hasScannedForEncodings = 0;
			knownRegions = (
				en,
				Base,
				English,
			);
			mainGroup = A0F78A4C1921AC30006E2D6C;
			productRefGroup = A0F78A561921AC30006E2D6C /* Products */;
			projectDirPath = "";
			projectRoot = "";
			targets = (
				A0F78A541921AC30006E2D6C /* calculadora */,
				A0F78A751921AC30006E2D6C /* calculadoraTests */,
			);
		};
/* End PBXProject section */

/* Begin PBXResourcesBuildPhase section */
		A0F78A531921AC30006E2D6C /* Resources */ = {
			isa = PBXResourcesBuildPhase;
			buildActionMask = 2147483647;
			files = (
				A0F78A711921AC30006E2D6C /* Images.xcassets in Resources */,
				A0F78A631921AC30006E2D6C /* InfoPlist.strings in Resources */,
				A0F78A6C1921AC30006E2D6C /* Main.storyboard in Resources */,
			);
			runOnlyForDeploymentPostprocessing = 0;
		};
		A0F78A741921AC30006E2D6C /* Resources */ = {
			isa = PBXResourcesBuildPhase;
			buildActionMask = 2147483647;
			files = (
				A0F78A821921AC30006E2D6C /* InfoPlist.strings in Resources */,
			);
			runOnlyForDeploymentPostprocessing = 0;
		};
/* End PBXResourcesBuildPhase section */

/* Begin PBXSourcesBuildPhase section */
		A0F78A511921AC30006E2D6C /* Sources */ = {
			isa = PBXSourcesBuildPhase;
			buildActionMask = 2147483647;
			files = (
				A0A672E1192C0D1400C25C6D /* _DDNumberTerm.m in Sources */,
				A0A672E7192C0D1400C25C6D /* _DDVariableTerm.m in Sources */,
				A0A672DE192C0D1400C25C6D /* _DDFunctionTerm.m in Sources */,
				A0A672E3192C0D1400C25C6D /* _DDParserTerm.m in Sources */,
				A0A672EF192C0D1400C25C6D /* DDParserTypes.m in Sources */,
				A0A672ED192C0D1400C25C6D /* DDMathStringTokenizer.m in Sources */,
				A0A672F1192C0D1400C25C6D /* NSString+DDMathParsing.m in Sources */,
				A0F78A6F1921AC30006E2D6C /* ViewController.m in Sources */,
				A0A672E8192C0D1400C25C6D /* DDExpression.m in Sources */,
				A0A672DD192C0D1400C25C6D /* _DDFunctionExpression.m in Sources */,
				A0A672E2192C0D1400C25C6D /* _DDOperatorTerm.m in Sources */,
				A0A672EA192C0D1400C25C6D /* DDMathEvaluator.m in Sources */,
				A0A672EB192C0D1400C25C6D /* DDMathOperator.m in Sources */,
				A0A672EC192C0D1400C25C6D /* DDMathStringToken.m in Sources */,
				A0F78A691921AC30006E2D6C /* AppDelegate.m in Sources */,
				A0A672E9192C0D1400C25C6D /* DDExpressionRewriter.m in Sources */,
				A0A672E4192C0D1400C25C6D /* _DDPrecisionFunctionEvaluator.m in Sources */,
				A0A672F0192C0D1400C25C6D /* DDTypes.m in Sources */,
				A0A672DC192C0D1400C25C6D /* _DDFunctionEvaluator.m in Sources */,
				A0A672DF192C0D1400C25C6D /* _DDGroupTerm.m in Sources */,
				A0A672E0192C0D1400C25C6D /* _DDNumberExpression.m in Sources */,
				A0F78A651921AC30006E2D6C /* main.m in Sources */,
				A0A672EE192C0D1400C25C6D /* DDParser.m in Sources */,
				A0A672E6192C0D1400C25C6D /* _DDVariableExpression.m in Sources */,
				A0A672E5192C0D1400C25C6D /* _DDRewriteRule.m in Sources */,
				A0A672DB192C0D1400C25C6D /* _DDDecimalFunctions.m in Sources */,
			);
			runOnlyForDeploymentPostprocessing = 0;
		};
		A0F78A721921AC30006E2D6C /* Sources */ = {
			isa = PBXSourcesBuildPhase;
			buildActionMask = 2147483647;
			files = (
				A0F78A841921AC30006E2D6C /* calculadoraTests.m in Sources */,
			);
			runOnlyForDeploymentPostprocessing = 0;
		};
/* End PBXSourcesBuildPhase section */

/* Begin PBXTargetDependency section */
		A0F78A7C1921AC30006E2D6C /* PBXTargetDependency */ = {
			isa = PBXTargetDependency;
			target = A0F78A541921AC30006E2D6C /* calculadora */;
			targetProxy = A0F78A7B1921AC30006E2D6C /* PBXContainerItemProxy */;
		};
/* End PBXTargetDependency section */

/* Begin PBXVariantGroup section */
		A0F78A611921AC30006E2D6C /* InfoPlist.strings */ = {
			isa = PBXVariantGroup;
			children = (
				A0F78A621921AC30006E2D6C /* en */,
			);
			name = InfoPlist.strings;
			sourceTree = "<group>";
		};
		A0F78A6A1921AC30006E2D6C /* Main.storyboard */ = {
			isa = PBXVariantGroup;
			children = (
				A0F78A6B1921AC30006E2D6C /* Base */,
			);
			name = Main.storyboard;
			sourceTree = "<group>";
		};
		A0F78A801921AC30006E2D6C /* InfoPlist.strings */ = {
			isa = PBXVariantGroup;
			children = (
				A0F78A811921AC30006E2D6C /* en */,
			);
			name = InfoPlist.strings;
			sourceTree = "<group>";
		};
/* End PBXVariantGroup section */

/* Begin XCBuildConfiguration section */
		A0F78A851921AC30006E2D6C /* Debug */ = {
			isa = XCBuildConfiguration;
			buildSettings = {
				ALWAYS_SEARCH_USER_PATHS = NO;
				CLANG_CXX_LANGUAGE_STANDARD = "gnu++0x";
				CLANG_CXX_LIBRARY = "libc++";
				CLANG_ENABLE_MODULES = YES;
				CLANG_ENABLE_OBJC_ARC = YES;
				CLANG_WARN_BOOL_CONVERSION = YES;
				CLANG_WARN_CONSTANT_CONVERSION = YES;
				CLANG_WARN_DIRECT_OBJC_ISA_USAGE = YES_ERROR;
				CLANG_WARN_EMPTY_BODY = YES;
				CLANG_WARN_ENUM_CONVERSION = YES;
				CLANG_WARN_INT_CONVERSION = YES;
				CLANG_WARN_OBJC_ROOT_CLASS = YES_ERROR;
				CLANG_WARN__DUPLICATE_METHOD_MATCH = YES;
				"CODE_SIGN_IDENTITY[sdk=iphoneos*]" = "iPhone Developer";
				COPY_PHASE_STRIP = NO;
				GCC_C_LANGUAGE_STANDARD = gnu99;
				GCC_DYNAMIC_NO_PIC = NO;
				GCC_OPTIMIZATION_LEVEL = 0;
				GCC_PREPROCESSOR_DEFINITIONS = (
					"DEBUG=1",
					"$(inherited)",
				);
				GCC_SYMBOLS_PRIVATE_EXTERN = NO;
				GCC_WARN_64_TO_32_BIT_CONVERSION = YES;
				GCC_WARN_ABOUT_RETURN_TYPE = YES_ERROR;
				GCC_WARN_UNDECLARED_SELECTOR = YES;
				GCC_WARN_UNINITIALIZED_AUTOS = YES_AGGRESSIVE;
				GCC_WARN_UNUSED_FUNCTION = YES;
				GCC_WARN_UNUSED_VARIABLE = YES;
				IPHONEOS_DEPLOYMENT_TARGET = 7.1;
				ONLY_ACTIVE_ARCH = YES;
				SDKROOT = iphoneos;
			};
			name = Debug;
		};
		A0F78A861921AC30006E2D6C /* Release */ = {
			isa = XCBuildConfiguration;
			buildSettings = {
				ALWAYS_SEARCH_USER_PATHS = NO;
				CLANG_CXX_LANGUAGE_STANDARD = "gnu++0x";
				CLANG_CXX_LIBRARY = "libc++";
				CLANG_ENABLE_MODULES = YES;
				CLANG_ENABLE_OBJC_ARC = YES;
				CLANG_WARN_BOOL_CONVERSION = YES;
				CLANG_WARN_CONSTANT_CONVERSION = YES;
				CLANG_WARN_DIRECT_OBJC_ISA_USAGE = YES_ERROR;
				CLANG_WARN_EMPTY_BODY = YES;
				CLANG_WARN_ENUM_CONVERSION = YES;
				CLANG_WARN_INT_CONVERSION = YES;
				CLANG_WARN_OBJC_ROOT_CLASS = YES_ERROR;
				CLANG_WARN__DUPLICATE_METHOD_MATCH = YES;
				"CODE_SIGN_IDENTITY[sdk=iphoneos*]" = "iPhone Developer";
				COPY_PHASE_STRIP = YES;
				ENABLE_NS_ASSERTIONS = NO;
				GCC_C_LANGUAGE_STANDARD = gnu99;
				GCC_WARN_64_TO_32_BIT_CONVERSION = YES;
				GCC_WARN_ABOUT_RETURN_TYPE = YES_ERROR;
				GCC_WARN_UNDECLARED_SELECTOR = YES;
				GCC_WARN_UNINITIALIZED_AUTOS = YES_AGGRESSIVE;
				GCC_WARN_UNUSED_FUNCTION = YES;
				GCC_WARN_UNUSED_VARIABLE = YES;
				IPHONEOS_DEPLOYMENT_TARGET = 7.1;
				SDKROOT = iphoneos;
				VALIDATE_PRODUCT = YES;
			};
			name = Release;
		};
		A0F78A881921AC30006E2D6C /* Debug */ = {
			isa = XCBuildConfiguration;
			buildSettings = {
				ASSETCATALOG_COMPILER_APPICON_NAME = AppIcon;
				ASSETCATALOG_COMPILER_LAUNCHIMAGE_NAME = LaunchImage;
				GCC_PRECOMPILE_PREFIX_HEADER = YES;
				GCC_PREFIX_HEADER = "calculadora/calculadora-Prefix.pch";
				INFOPLIST_FILE = "calculadora/calculadora-Info.plist";
				PRODUCT_NAME = "$(TARGET_NAME)";
				WRAPPER_EXTENSION = app;
			};
			name = Debug;
		};
		A0F78A891921AC30006E2D6C /* Release */ = {
			isa = XCBuildConfiguration;
			buildSettings = {
				ASSETCATALOG_COMPILER_APPICON_NAME = AppIcon;
				ASSETCATALOG_COMPILER_LAUNCHIMAGE_NAME = LaunchImage;
				GCC_PRECOMPILE_PREFIX_HEADER = YES;
				GCC_PREFIX_HEADER = "calculadora/calculadora-Prefix.pch";
				INFOPLIST_FILE = "calculadora/calculadora-Info.plist";
				PRODUCT_NAME = "$(TARGET_NAME)";
				WRAPPER_EXTENSION = app;
			};
			name = Release;
		};
		A0F78A8B1921AC30006E2D6C /* Debug */ = {
			isa = XCBuildConfiguration;
			buildSettings = {
				BUNDLE_LOADER = "$(BUILT_PRODUCTS_DIR)/calculadora.app/calculadora";
				FRAMEWORK_SEARCH_PATHS = (
					"$(SDKROOT)/Developer/Library/Frameworks",
					"$(inherited)",
					"$(DEVELOPER_FRAMEWORKS_DIR)",
				);
				GCC_PRECOMPILE_PREFIX_HEADER = YES;
				GCC_PREFIX_HEADER = "calculadora/calculadora-Prefix.pch";
				GCC_PREPROCESSOR_DEFINITIONS = (
					"DEBUG=1",
					"$(inherited)",
				);
				INFOPLIST_FILE = "calculadoraTests/calculadoraTests-Info.plist";
				PRODUCT_NAME = "$(TARGET_NAME)";
				TEST_HOST = "$(BUNDLE_LOADER)";
				WRAPPER_EXTENSION = xctest;
			};
			name = Debug;
		};
		A0F78A8C1921AC30006E2D6C /* Release */ = {
			isa = XCBuildConfiguration;
			buildSettings = {
				BUNDLE_LOADER = "$(BUILT_PRODUCTS_DIR)/calculadora.app/calculadora";
				FRAMEWORK_SEARCH_PATHS = (
					"$(SDKROOT)/Developer/Library/Frameworks",
					"$(inherited)",
					"$(DEVELOPER_FRAMEWORKS_DIR)",
				);
				GCC_PRECOMPILE_PREFIX_HEADER = YES;
				GCC_PREFIX_HEADER = "calculadora/calculadora-Prefix.pch";
				INFOPLIST_FILE = "calculadoraTests/calculadoraTests-Info.plist";
				PRODUCT_NAME = "$(TARGET_NAME)";
				TEST_HOST = "$(BUNDLE_LOADER)";
				WRAPPER_EXTENSION = xctest;
			};
			name = Release;
		};
/* End XCBuildConfiguration section */

/* Begin XCConfigurationList section */
		A0F78A501921AC30006E2D6C /* Build configuration list for PBXProject "calculadora" */ = {
			isa = XCConfigurationList;
			buildConfigurations = (
				A0F78A851921AC30006E2D6C /* Debug */,
				A0F78A861921AC30006E2D6C /* Release */,
			);
			defaultConfigurationIsVisible = 0;
			defaultConfigurationName = Release;
		};
		A0F78A871921AC30006E2D6C /* Build configuration list for PBXNativeTarget "calculadora" */ = {
			isa = XCConfigurationList;
			buildConfigurations = (
				A0F78A881921AC30006E2D6C /* Debug */,
				A0F78A891921AC30006E2D6C /* Release */,
			);
			defaultConfigurationIsVisible = 0;
			defaultConfigurationName = Release;
		};
		A0F78A8A1921AC30006E2D6C /* Build configuration list for PBXNativeTarget "calculadoraTests" */ = {
			isa = XCConfigurationList;
			buildConfigurations = (
				A0F78A8B1921AC30006E2D6C /* Debug */,
				A0F78A8C1921AC30006E2D6C /* Release */,
			);
			defaultConfigurationIsVisible = 0;
			defaultConfigurationName = Release;
		};
/* End XCConfigurationList section */
	};
	rootObject = A0F78A4D1921AC30006E2D6C /* Project object */;
}
